{
  "version": 4,
  "terraform_version": "1.12.2",
  "serial": 36,
  "lineage": "b195c00a-24f3-8a8f-78eb-447bd0bd34fa",
  "outputs": {
    "vm1_public_ip": {
      "value": "89.169.150.133",
      "type": "string"
    },
    "vm2_internal_ip": {
      "value": "192.168.1.11",
      "type": "string"
    }
  },
  "resources": [
    {
      "mode": "managed",
      "type": "yandex_compute_instance",
      "name": "vm1",
      "provider": "provider[\"registry.terraform.io/yandex-cloud/yandex\"]",
      "instances": [
        {
          "schema_version": 1,
          "attributes": {
            "allow_recreate": null,
            "allow_stopping_for_update": null,
            "boot_disk": [
              {
                "auto_delete": true,
                "device_name": "fhm1vuncikqjv042bgke",
                "disk_id": "fhm1vuncikqjv042bgke",
                "initialize_params": [
                  {
                    "block_size": 4096,
                    "description": "",
                    "image_id": "fd8g2ntguckjq2boqjmh",
                    "name": "",
                    "size": 10,
                    "snapshot_id": "",
                    "type": "network-hdd"
                  }
                ],
                "mode": "READ_WRITE"
              }
            ],
            "created_at": "2025-08-23T11:37:25Z",
            "description": "",
            "filesystem": [],
            "folder_id": "b1gh7csrpr2uf60cjus9",
            "fqdn": "fhme3d7sam01kag1t4nu.auto.internal",
            "gpu_cluster_id": "",
            "hostname": "",
            "id": "fhme3d7sam01kag1t4nu",
            "labels": null,
            "local_disk": [],
            "maintenance_grace_period": "",
            "maintenance_policy": null,
            "metadata": {
              "ssh-keys": "ubuntu:ssh-rsa AAAAB3NzaC1yc2EAAAADAQABAAABAQC+ixkEvvZnh2K0tCqrkMp1fqYG9PCyX/wLlV2KTqR1Bn9kbAKm0Z+kcBbEzX6L2uJLXLWjYu2zhe6krIk+outZw5OoX8IylAP4fvj8K8OHDafEw4bAwcIQmRvHZis+S7mDTOmmpeLSgcBu8SNx9CRUrMsdALT3Uux4KaX+/xT2REF6k3BHPYCOEf3Bu2a3XF064T/kmApEX2QAJ5cH2My/xWnwz9RBLlitu+XsUm+Uwx5l+c1NzmnYklLkNs004D+Gb76nhgpjcuEArPYHxX1FfSlCdhOEVs7ylCo+39i7ObGdCfpW5TLaXJyErjLEVoarK1S6w1c1WiDNNb292lmt r2d2@r2d2-VirtualBox\n"
            },
            "metadata_options": [
              {
                "aws_v1_http_endpoint": 1,
                "aws_v1_http_token": 2,
                "gce_http_endpoint": 1,
                "gce_http_token": 1
              }
            ],
            "name": "vm1",
            "network_acceleration_type": "standard",
            "network_interface": [
              {
                "dns_record": [],
                "index": 0,
                "ip_address": "192.168.1.10",
                "ipv4": true,
                "ipv6": false,
                "ipv6_address": "",
                "ipv6_dns_record": [],
                "mac_address": "d0:0d:e1:b4:fc:55",
                "nat": true,
                "nat_dns_record": [],
                "nat_ip_address": "89.169.150.133",
                "nat_ip_version": "IPV4",
                "security_group_ids": [],
                "subnet_id": "e9brooicatjeuhc15940"
              }
            ],
            "placement_policy": [
              {
                "host_affinity_rules": [],
                "placement_group_id": "",
                "placement_group_partition": 0
              }
            ],
            "platform_id": "standard-v1",
            "resources": [
              {
                "core_fraction": 100,
                "cores": 2,
                "gpus": 0,
                "memory": 2
              }
            ],
            "scheduling_policy": [
              {
                "preemptible": true
              }
            ],
            "secondary_disk": [],
            "service_account_id": "",
            "status": "running",
            "timeouts": null,
            "zone": "ru-central1-a"
          },
          "sensitive_attributes": [],
          "identity_schema_version": 0,
          "private": "eyJlMmJmYjczMC1lY2FhLTExZTYtOGY4OC0zNDM2M2JjN2M0YzAiOnsiY3JlYXRlIjozMDAwMDAwMDAwMDAsImRlbGV0ZSI6MzAwMDAwMDAwMDAwLCJ1cGRhdGUiOjMwMDAwMDAwMDAwMH0sInNjaGVtYV92ZXJzaW9uIjoiMSJ9",
          "dependencies": [
            "yandex_vpc_network.my-network",
            "yandex_vpc_subnet.my-subnet"
          ]
        }
      ]
    },
    {
      "mode": "managed",
      "type": "yandex_compute_instance",
      "name": "vm2",
      "provider": "provider[\"registry.terraform.io/yandex-cloud/yandex\"]",
      "instances": [
        {
          "schema_version": 1,
          "attributes": {
            "allow_recreate": null,
            "allow_stopping_for_update": null,
            "boot_disk": [
              {
                "auto_delete": true,
                "device_name": "fhmvp2f5a5mgjv9aq8lp",
                "disk_id": "fhmvp2f5a5mgjv9aq8lp",
                "initialize_params": [
                  {
                    "block_size": 4096,
                    "description": "",
                    "image_id": "fd8g2ntguckjq2boqjmh",
                    "name": "",
                    "size": 10,
                    "snapshot_id": "",
                    "type": "network-hdd"
                  }
                ],
                "mode": "READ_WRITE"
              }
            ],
            "created_at": "2025-08-23T11:37:25Z",
            "description": "",
            "filesystem": [],
            "folder_id": "b1gh7csrpr2uf60cjus9",
            "fqdn": "fhmtfrom1jo6r34vu8g9.auto.internal",
            "gpu_cluster_id": "",
            "hostname": "",
            "id": "fhmtfrom1jo6r34vu8g9",
            "labels": null,
            "local_disk": [],
            "maintenance_grace_period": "",
            "maintenance_policy": null,
            "metadata": {
              "ssh-keys": "ubuntu:ssh-rsa AAAAB3NzaC1yc2EAAAADAQABAAABAQC+ixkEvvZnh2K0tCqrkMp1fqYG9PCyX/wLlV2KTqR1Bn9kbAKm0Z+kcBbEzX6L2uJLXLWjYu2zhe6krIk+outZw5OoX8IylAP4fvj8K8OHDafEw4bAwcIQmRvHZis+S7mDTOmmpeLSgcBu8SNx9CRUrMsdALT3Uux4KaX+/xT2REF6k3BHPYCOEf3Bu2a3XF064T/kmApEX2QAJ5cH2My/xWnwz9RBLlitu+XsUm+Uwx5l+c1NzmnYklLkNs004D+Gb76nhgpjcuEArPYHxX1FfSlCdhOEVs7ylCo+39i7ObGdCfpW5TLaXJyErjLEVoarK1S6w1c1WiDNNb292lmt r2d2@r2d2-VirtualBox\n"
            },
            "metadata_options": [
              {
                "aws_v1_http_endpoint": 1,
                "aws_v1_http_token": 2,
                "gce_http_endpoint": 1,
                "gce_http_token": 1
              }
            ],
            "name": "vm2",
            "network_acceleration_type": "standard",
            "network_interface": [
              {
                "dns_record": [],
                "index": 0,
                "ip_address": "192.168.1.11",
                "ipv4": true,
                "ipv6": false,
                "ipv6_address": "",
                "ipv6_dns_record": [],
                "mac_address": "d0:0d:1d:7e:f1:60",
                "nat": false,
                "nat_dns_record": [],
                "nat_ip_address": "",
                "nat_ip_version": "",
                "security_group_ids": [],
                "subnet_id": "e9brooicatjeuhc15940"
              }
            ],
            "placement_policy": [
              {
                "host_affinity_rules": [],
                "placement_group_id": "",
                "placement_group_partition": 0
              }
            ],
            "platform_id": "standard-v1",
            "resources": [
              {
                "core_fraction": 100,
                "cores": 2,
                "gpus": 0,
                "memory": 2
              }
            ],
            "scheduling_policy": [
              {
                "preemptible": true
              }
            ],
            "secondary_disk": [],
            "service_account_id": "",
            "status": "running",
            "timeouts": null,
            "zone": "ru-central1-a"
          },
          "sensitive_attributes": [],
          "identity_schema_version": 0,
          "private": "eyJlMmJmYjczMC1lY2FhLTExZTYtOGY4OC0zNDM2M2JjN2M0YzAiOnsiY3JlYXRlIjozMDAwMDAwMDAwMDAsImRlbGV0ZSI6MzAwMDAwMDAwMDAwLCJ1cGRhdGUiOjMwMDAwMDAwMDAwMH0sInNjaGVtYV92ZXJzaW9uIjoiMSJ9",
          "dependencies": [
            "yandex_vpc_network.my-network",
            "yandex_vpc_subnet.my-subnet"
          ]
        }
      ]
    },
    {
      "mode": "managed",
      "type": "yandex_vpc_network",
      "name": "my-network",
      "provider": "provider[\"registry.terraform.io/yandex-cloud/yandex\"]",
      "instances": [
        {
          "schema_version": 0,
          "attributes": {
            "created_at": "2025-08-23T11:37:21Z",
            "default_security_group_id": "enp7v0elmlhbt1pe3npt",
            "description": "",
            "folder_id": "b1gh7csrpr2uf60cjus9",
            "id": "enpat4o0maoptnthndco",
            "labels": {},
            "name": "my-network",
            "subnet_ids": [],
            "timeouts": null
          },
          "sensitive_attributes": [],
          "identity_schema_version": 0,
          "private": "eyJlMmJmYjczMC1lY2FhLTExZTYtOGY4OC0zNDM2M2JjN2M0YzAiOnsiY3JlYXRlIjo2MDAwMDAwMDAwMCwiZGVsZXRlIjo2MDAwMDAwMDAwMCwidXBkYXRlIjo2MDAwMDAwMDAwMH19"
        }
      ]
    },
    {
      "mode": "managed",
      "type": "yandex_vpc_security_group",
      "name": "allow-internal",
      "provider": "provider[\"registry.terraform.io/yandex-cloud/yandex\"]",
      "instances": [
        {
          "schema_version": 0,
          "attributes": {
            "created_at": "2025-08-23T11:37:26Z",
            "description": "",
            "egress": [],
            "folder_id": "b1gh7csrpr2uf60cjus9",
            "id": "enp5m7nidl8g848momp1",
            "ingress": [
              {
                "description": "Разрешить ping",
                "from_port": -1,
                "id": "enpnqgsidmk37n0jpgkq",
                "labels": {},
                "port": -1,
                "predefined_target": "",
                "protocol": "ICMP",
                "security_group_id": "",
                "to_port": -1,
                "v4_cidr_blocks": [
                  "0.0.0.0/0"
                ],
                "v6_cidr_blocks": []
              },
              {
                "description": "Разрешить весь внутренний трафик",
                "from_port": -1,
                "id": "enp4neq3ingsjufirhbb",
                "labels": {},
                "port": -1,
                "predefined_target": "",
                "protocol": "ANY",
                "security_group_id": "",
                "to_port": -1,
                "v4_cidr_blocks": [
                  "192.168.1.0/24"
                ],
                "v6_cidr_blocks": []
              }
            ],
            "labels": {},
            "name": "allow-internal",
            "network_id": "enpat4o0maoptnthndco",
            "status": "ACTIVE",
            "timeouts": null
          },
          "sensitive_attributes": [],
          "identity_schema_version": 0,
          "private": "eyJlMmJmYjczMC1lY2FhLTExZTYtOGY4OC0zNDM2M2JjN2M0YzAiOnsiY3JlYXRlIjoxODAwMDAwMDAwMDAsImRlbGV0ZSI6MTgwMDAwMDAwMDAwLCJ1cGRhdGUiOjE4MDAwMDAwMDAwMH19",
          "dependencies": [
            "yandex_vpc_network.my-network"
          ]
        }
      ]
    },
    {
      "mode": "managed",
      "type": "yandex_vpc_subnet",
      "name": "my-subnet",
      "provider": "provider[\"registry.terraform.io/yandex-cloud/yandex\"]",
      "instances": [
        {
          "schema_version": 0,
          "attributes": {
            "created_at": "2025-08-23T11:37:24Z",
            "description": "",
            "dhcp_options": [],
            "folder_id": "b1gh7csrpr2uf60cjus9",
            "id": "e9brooicatjeuhc15940",
            "labels": {},
            "name": "my-subnet",
            "network_id": "enpat4o0maoptnthndco",
            "route_table_id": "",
            "timeouts": null,
            "v4_cidr_blocks": [
              "192.168.1.0/24"
            ],
            "v6_cidr_blocks": [],
            "zone": "ru-central1-a"
          },
          "sensitive_attributes": [],
          "identity_schema_version": 0,
          "private": "eyJlMmJmYjczMC1lY2FhLTExZTYtOGY4OC0zNDM2M2JjN2M0YzAiOnsiY3JlYXRlIjoxODAwMDAwMDAwMDAsImRlbGV0ZSI6MTgwMDAwMDAwMDAwLCJ1cGRhdGUiOjE4MDAwMDAwMDAwMH19",
          "dependencies": [
            "yandex_vpc_network.my-network"
          ]
        }
      ]
    }
  ],
  "check_results": null
}
